
Microsoft Visual Studio Solution File, Format Version 12.00
# Visual Studio Version 17
VisualStudioVersion = 17.1.32421.90
MinimumVisualStudioVersion = 10.0.40219.1
Project("{FAE04EC0-301F-11D3-BF4B-00C04F79EFBC}") = "SortingAlgorithms", "SortingAlgorithms.csproj", "{51428BAC-8EE1-40CB-8F05-FF3E7C402195}"
EndProject
Global
	GlobalSection(SolutionConfigurationPlatforms) = preSolution
		Debug|Any CPU = Debug|Any CPU
		Release|Any CPU = Release|Any CPU
	EndGlobalSection
	GlobalSection(ProjectConfigurationPlatforms) = postSolution
		{51428BAC-8EE1-40CB-8F05-FF3E7C402195}.Debug|Any CPU.ActiveCfg = Debug|Any CPU
		{51428BAC-8EE1-40CB-8F05-FF3E7C402195}.Debug|Any CPU.Build.0 = Debug|Any CPU
		{51428BAC-8EE1-40CB-8F05-FF3E7C402195}.Release|Any CPU.ActiveCfg = Release|Any CPU
		{51428BAC-8EE1-40CB-8F05-FF3E7C402195}.Release|Any CPU.Build.0 = Release|Any CPU
	EndGlobalSection
	GlobalSection(SolutionProperties) = preSolution
		HideSolutionNode = FALSE
	EndGlobalSection
	GlobalSection(ExtensibilityGlobals) = postSolution
		SolutionGuid = {7FD1D25D-6B70-4FAC-BB79-FA69C1E60A92}
	EndGlobalSection
EndGlobal
